
Microsoft Visual Studio Solution File, Format Version 12.00
# Visual Studio Version 17
VisualStudioVersion = 17.5.33414.496
MinimumVisualStudioVersion = 10.0.40219.1
Project("{FAE04EC0-301F-11D3-BF4B-00C04F79EFBC}") = "ConsoleApp2", "ConsoleApp2\ConsoleApp2.csproj", "{25EB6494-FF4A-4599-A833-AA02334D9681}"
EndProject
Global
	GlobalSection(SolutionConfigurationPlatforms) = preSolution
		Debug|Any CPU = Debug|Any CPU
		Release|Any CPU = Release|Any CPU
	EndGlobalSection
	GlobalSection(ProjectConfigurationPlatforms) = postSolution
		{25EB6494-FF4A-4599-A833-AA02334D9681}.Debug|Any CPU.ActiveCfg = Debug|Any CPU
		{25EB6494-FF4A-4599-A833-AA02334D9681}.Debug|Any CPU.Build.0 = Debug|Any CPU
		{25EB6494-FF4A-4599-A833-AA02334D9681}.Release|Any CPU.ActiveCfg = Release|Any CPU
		{25EB6494-FF4A-4599-A833-AA02334D9681}.Release|Any CPU.Build.0 = Release|Any CPU
	EndGlobalSection
	GlobalSection(SolutionProperties) = preSolution
		HideSolutionNode = FALSE
	EndGlobalSection
	GlobalSection(ExtensibilityGlobals) = postSolution
		SolutionGuid = {DCA54ED0-1FC2-4622-9849-BFCF215EC6AB}
	EndGlobalSection
EndGlobal
